
Microsoft Visual Studio Solution File, Format Version 12.00
# Visual Studio 15
VisualStudioVersion = 15.0.28010.2026
MinimumVisualStudioVersion = 10.0.40219.1
Project("{FAE04EC0-301F-11D3-BF4B-00C04F79EFBC}") = "Assignment3", "Assignment3\Assignment3.csproj", "{87E02CFB-4906-49C8-A8BB-B414CAA4ACE1}"
EndProject
Global
	GlobalSection(SolutionConfigurationPlatforms) = preSolution
		Debug|Any CPU = Debug|Any CPU
		Release|Any CPU = Release|Any CPU
	EndGlobalSection
	GlobalSection(ProjectConfigurationPlatforms) = postSolution
		{87E02CFB-4906-49C8-A8BB-B414CAA4ACE1}.Debug|Any CPU.ActiveCfg = Debug|Any CPU
		{87E02CFB-4906-49C8-A8BB-B414CAA4ACE1}.Debug|Any CPU.Build.0 = Debug|Any CPU
		{87E02CFB-4906-49C8-A8BB-B414CAA4ACE1}.Release|Any CPU.ActiveCfg = Release|Any CPU
		{87E02CFB-4906-49C8-A8BB-B414CAA4ACE1}.Release|Any CPU.Build.0 = Release|Any CPU
	EndGlobalSection
	GlobalSection(SolutionProperties) = preSolution
		HideSolutionNode = FALSE
	EndGlobalSection
	GlobalSection(ExtensibilityGlobals) = postSolution
		SolutionGuid = {EEE95365-C9B7-45DC-86D8-EB849619414F}
	EndGlobalSection
EndGlobal
