
Microsoft Visual Studio Solution File, Format Version 12.00
# Visual Studio 15
VisualStudioVersion = 15.0.28010.2026
MinimumVisualStudioVersion = 10.0.40219.1
Project("{FAE04EC0-301F-11D3-BF4B-00C04F79EFBC}") = "Assignment5", "Assignment5\Assignment5.csproj", "{A990512F-3DDA-476A-8D1F-A0D33CBF2EA2}"
EndProject
Global
	GlobalSection(SolutionConfigurationPlatforms) = preSolution
		Debug|Any CPU = Debug|Any CPU
		Release|Any CPU = Release|Any CPU
	EndGlobalSection
	GlobalSection(ProjectConfigurationPlatforms) = postSolution
		{A990512F-3DDA-476A-8D1F-A0D33CBF2EA2}.Debug|Any CPU.ActiveCfg = Debug|Any CPU
		{A990512F-3DDA-476A-8D1F-A0D33CBF2EA2}.Debug|Any CPU.Build.0 = Debug|Any CPU
		{A990512F-3DDA-476A-8D1F-A0D33CBF2EA2}.Release|Any CPU.ActiveCfg = Release|Any CPU
		{A990512F-3DDA-476A-8D1F-A0D33CBF2EA2}.Release|Any CPU.Build.0 = Release|Any CPU
	EndGlobalSection
	GlobalSection(SolutionProperties) = preSolution
		HideSolutionNode = FALSE
	EndGlobalSection
	GlobalSection(ExtensibilityGlobals) = postSolution
		SolutionGuid = {910E900D-4126-4465-AF3D-73E1502C3B39}
	EndGlobalSection
EndGlobal
